
Microsoft Visual Studio Solution File, Format Version 12.00
# Visual Studio 15
Project("{FAE04EC0-301F-11D3-BF4B-00C04F79EFBC}") = "Notes.Android", "Notes.Android\Notes.Android.csproj", "{D5189285-FEE2-4637-B9FE-069D6A0C9A4A}"
EndProject
Project("{FAE04EC0-301F-11D3-BF4B-00C04F79EFBC}") = "Notes.iOS", "Notes.iOS\Notes.iOS.csproj", "{43A7C1E6-3568-406E-96A1-F5DDEF9E8E0E}"
EndProject
Project("{FAE04EC0-301F-11D3-BF4B-00C04F79EFBC}") = "Notes", "Notes\Notes.csproj", "{8EC98838-9014-4E89-88F5-92B76E9158D1}"
EndProject
Global
	GlobalSection(SolutionConfigurationPlatforms) = preSolution
		Debug|Any CPU = Debug|Any CPU
		Release|Any CPU = Release|Any CPU
		Debug|iPhoneSimulator = Debug|iPhoneSimulator
		Release|iPhoneSimulator = Release|iPhoneSimulator
		Debug|iPhone = Debug|iPhone
		Release|iPhone = Release|iPhone
	EndGlobalSection
	GlobalSection(ProjectConfigurationPlatforms) = postSolution
		{D5189285-FEE2-4637-B9FE-069D6A0C9A4A}.Debug|Any CPU.ActiveCfg = Debug|Any CPU
		{D5189285-FEE2-4637-B9FE-069D6A0C9A4A}.Debug|Any CPU.Build.0 = Debug|Any CPU
		{D5189285-FEE2-4637-B9FE-069D6A0C9A4A}.Release|Any CPU.ActiveCfg = Release|Any CPU
		{D5189285-FEE2-4637-B9FE-069D6A0C9A4A}.Release|Any CPU.Build.0 = Release|Any CPU
		{D5189285-FEE2-4637-B9FE-069D6A0C9A4A}.Debug|iPhoneSimulator.ActiveCfg = Debug|Any CPU
		{D5189285-FEE2-4637-B9FE-069D6A0C9A4A}.Debug|iPhoneSimulator.Build.0 = Debug|Any CPU
		{D5189285-FEE2-4637-B9FE-069D6A0C9A4A}.Release|iPhoneSimulator.ActiveCfg = Release|Any CPU
		{D5189285-FEE2-4637-B9FE-069D6A0C9A4A}.Release|iPhoneSimulator.Build.0 = Release|Any CPU
		{D5189285-FEE2-4637-B9FE-069D6A0C9A4A}.Debug|iPhone.ActiveCfg = Debug|Any CPU
		{D5189285-FEE2-4637-B9FE-069D6A0C9A4A}.Debug|iPhone.Build.0 = Debug|Any CPU
		{D5189285-FEE2-4637-B9FE-069D6A0C9A4A}.Release|iPhone.ActiveCfg = Release|Any CPU
		{D5189285-FEE2-4637-B9FE-069D6A0C9A4A}.Release|iPhone.Build.0 = Release|Any CPU
		{43A7C1E6-3568-406E-96A1-F5DDEF9E8E0E}.Debug|Any CPU.ActiveCfg = Debug|iPhoneSimulator
		{43A7C1E6-3568-406E-96A1-F5DDEF9E8E0E}.Debug|Any CPU.Build.0 = Debug|iPhoneSimulator
		{43A7C1E6-3568-406E-96A1-F5DDEF9E8E0E}.Release|Any CPU.ActiveCfg = Release|iPhoneSimulator
		{43A7C1E6-3568-406E-96A1-F5DDEF9E8E0E}.Release|Any CPU.Build.0 = Release|iPhoneSimulator
		{43A7C1E6-3568-406E-96A1-F5DDEF9E8E0E}.Debug|iPhoneSimulator.ActiveCfg = Debug|iPhoneSimulator
		{43A7C1E6-3568-406E-96A1-F5DDEF9E8E0E}.Debug|iPhoneSimulator.Build.0 = Debug|iPhoneSimulator
		{43A7C1E6-3568-406E-96A1-F5DDEF9E8E0E}.Release|iPhoneSimulator.ActiveCfg = Release|iPhoneSimulator
		{43A7C1E6-3568-406E-96A1-F5DDEF9E8E0E}.Release|iPhoneSimulator.Build.0 = Release|iPhoneSimulator
		{43A7C1E6-3568-406E-96A1-F5DDEF9E8E0E}.Debug|iPhone.ActiveCfg = Debug|iPhone
		{43A7C1E6-3568-406E-96A1-F5DDEF9E8E0E}.Debug|iPhone.Build.0 = Debug|iPhone
		{43A7C1E6-3568-406E-96A1-F5DDEF9E8E0E}.Release|iPhone.ActiveCfg = Release|iPhone
		{43A7C1E6-3568-406E-96A1-F5DDEF9E8E0E}.Release|iPhone.Build.0 = Release|iPhone
		{8EC98838-9014-4E89-88F5-92B76E9158D1}.Debug|Any CPU.ActiveCfg = Debug|Any CPU
		{8EC98838-9014-4E89-88F5-92B76E9158D1}.Debug|Any CPU.Build.0 = Debug|Any CPU
		{8EC98838-9014-4E89-88F5-92B76E9158D1}.Release|Any CPU.ActiveCfg = Release|Any CPU
		{8EC98838-9014-4E89-88F5-92B76E9158D1}.Release|Any CPU.Build.0 = Release|Any CPU
		{8EC98838-9014-4E89-88F5-92B76E9158D1}.Debug|iPhoneSimulator.ActiveCfg = Debug|Any CPU
		{8EC98838-9014-4E89-88F5-92B76E9158D1}.Debug|iPhoneSimulator.Build.0 = Debug|Any CPU
		{8EC98838-9014-4E89-88F5-92B76E9158D1}.Release|iPhoneSimulator.ActiveCfg = Release|Any CPU
		{8EC98838-9014-4E89-88F5-92B76E9158D1}.Release|iPhoneSimulator.Build.0 = Release|Any CPU
		{8EC98838-9014-4E89-88F5-92B76E9158D1}.Debug|iPhone.ActiveCfg = Debug|Any CPU
		{8EC98838-9014-4E89-88F5-92B76E9158D1}.Debug|iPhone.Build.0 = Debug|Any CPU
		{8EC98838-9014-4E89-88F5-92B76E9158D1}.Release|iPhone.ActiveCfg = Release|Any CPU
		{8EC98838-9014-4E89-88F5-92B76E9158D1}.Release|iPhone.Build.0 = Release|Any CPU
	EndGlobalSection
EndGlobal
